
Microsoft Visual Studio Solution File, Format Version 12.00
# Visual Studio 15
VisualStudioVersion = 15.0.27703.2047
MinimumVisualStudioVersion = 10.0.40219.1
Project("{9A19103F-16F7-4668-BE54-9A1E7A4F7556}") = "NorthwindService", "NorthwindService\NorthwindService.csproj", "{03601D57-10B0-4444-9A1B-488D3595C1D5}"
EndProject
Project("{9A19103F-16F7-4668-BE54-9A1E7A4F7556}") = "ExploreAngular", "ExploreAngular\ExploreAngular.csproj", "{358308C2-F3B1-4B2C-8A81-2070354F0AD0}"
EndProject
Project("{9A19103F-16F7-4668-BE54-9A1E7A4F7556}") = "ExploreReact", "ExploreReact\ExploreReact.csproj", "{70F0DDC9-7BE4-457E-AB0F-7DF09A52FAEF}"
EndProject
Project("{FAE04EC0-301F-11D3-BF4B-00C04F79EFBC}") = "FluentUwpApp", "FluentUwpApp\FluentUwpApp.csproj", "{F08C5EE6-736C-479B-832C-B438E7A93C05}"
EndProject
Project("{9A19103F-16F7-4668-BE54-9A1E7A4F7556}") = "NorthwindContextLib", "NorthwindContextLib\NorthwindContextLib.csproj", "{3DEC3C32-2203-44ED-B4EA-92CDE8090DA6}"
EndProject
Project("{9A19103F-16F7-4668-BE54-9A1E7A4F7556}") = "NorthwindEntitiesLib", "NorthwindEntitiesLib\NorthwindEntitiesLib.csproj", "{E7EC450F-F5BF-4C46-AD5A-9C29FCF7295F}"
EndProject
Project("{9A19103F-16F7-4668-BE54-9A1E7A4F7556}") = "NorthwindWeb", "NorthwindWeb\NorthwindWeb.csproj", "{101D7F25-4AA7-45AF-BC2A-1CCFD7EBA409}"
EndProject
Project("{9A19103F-16F7-4668-BE54-9A1E7A4F7556}") = "NortwindMvc", "NortwindMvc\NortwindMvc.csproj", "{68963FAF-A37D-43F6-B014-CB18AAA0B235}"
EndProject
Global
	GlobalSection(SolutionConfigurationPlatforms) = preSolution
		Debug|Any CPU = Debug|Any CPU
		Debug|ARM = Debug|ARM
		Debug|x64 = Debug|x64
		Debug|x86 = Debug|x86
		Release|Any CPU = Release|Any CPU
		Release|ARM = Release|ARM
		Release|x64 = Release|x64
		Release|x86 = Release|x86
	EndGlobalSection
	GlobalSection(ProjectConfigurationPlatforms) = postSolution
		{03601D57-10B0-4444-9A1B-488D3595C1D5}.Debug|Any CPU.ActiveCfg = Debug|Any CPU
		{03601D57-10B0-4444-9A1B-488D3595C1D5}.Debug|Any CPU.Build.0 = Debug|Any CPU
		{03601D57-10B0-4444-9A1B-488D3595C1D5}.Debug|ARM.ActiveCfg = Debug|Any CPU
		{03601D57-10B0-4444-9A1B-488D3595C1D5}.Debug|ARM.Build.0 = Debug|Any CPU
		{03601D57-10B0-4444-9A1B-488D3595C1D5}.Debug|x64.ActiveCfg = Debug|Any CPU
		{03601D57-10B0-4444-9A1B-488D3595C1D5}.Debug|x64.Build.0 = Debug|Any CPU
		{03601D57-10B0-4444-9A1B-488D3595C1D5}.Debug|x86.ActiveCfg = Debug|Any CPU
		{03601D57-10B0-4444-9A1B-488D3595C1D5}.Debug|x86.Build.0 = Debug|Any CPU
		{03601D57-10B0-4444-9A1B-488D3595C1D5}.Release|Any CPU.ActiveCfg = Release|Any CPU
		{03601D57-10B0-4444-9A1B-488D3595C1D5}.Release|Any CPU.Build.0 = Release|Any CPU
		{03601D57-10B0-4444-9A1B-488D3595C1D5}.Release|ARM.ActiveCfg = Release|Any CPU
		{03601D57-10B0-4444-9A1B-488D3595C1D5}.Release|ARM.Build.0 = Release|Any CPU
		{03601D57-10B0-4444-9A1B-488D3595C1D5}.Release|x64.ActiveCfg = Release|Any CPU
		{03601D57-10B0-4444-9A1B-488D3595C1D5}.Release|x64.Build.0 = Release|Any CPU
		{03601D57-10B0-4444-9A1B-488D3595C1D5}.Release|x86.ActiveCfg = Release|Any CPU
		{03601D57-10B0-4444-9A1B-488D3595C1D5}.Release|x86.Build.0 = Release|Any CPU
		{358308C2-F3B1-4B2C-8A81-2070354F0AD0}.Debug|Any CPU.ActiveCfg = Debug|Any CPU
		{358308C2-F3B1-4B2C-8A81-2070354F0AD0}.Debug|Any CPU.Build.0 = Debug|Any CPU
		{358308C2-F3B1-4B2C-8A81-2070354F0AD0}.Debug|ARM.ActiveCfg = Debug|Any CPU
		{358308C2-F3B1-4B2C-8A81-2070354F0AD0}.Debug|ARM.Build.0 = Debug|Any CPU
		{358308C2-F3B1-4B2C-8A81-2070354F0AD0}.Debug|x64.ActiveCfg = Debug|Any CPU
		{358308C2-F3B1-4B2C-8A81-2070354F0AD0}.Debug|x64.Build.0 = Debug|Any CPU
		{358308C2-F3B1-4B2C-8A81-2070354F0AD0}.Debug|x86.ActiveCfg = Debug|Any CPU
		{358308C2-F3B1-4B2C-8A81-2070354F0AD0}.Debug|x86.Build.0 = Debug|Any CPU
		{358308C2-F3B1-4B2C-8A81-2070354F0AD0}.Release|Any CPU.ActiveCfg = Release|Any CPU
		{358308C2-F3B1-4B2C-8A81-2070354F0AD0}.Release|Any CPU.Build.0 = Release|Any CPU
		{358308C2-F3B1-4B2C-8A81-2070354F0AD0}.Release|ARM.ActiveCfg = Release|Any CPU
		{358308C2-F3B1-4B2C-8A81-2070354F0AD0}.Release|ARM.Build.0 = Release|Any CPU
		{358308C2-F3B1-4B2C-8A81-2070354F0AD0}.Release|x64.ActiveCfg = Release|Any CPU
		{358308C2-F3B1-4B2C-8A81-2070354F0AD0}.Release|x64.Build.0 = Release|Any CPU
		{358308C2-F3B1-4B2C-8A81-2070354F0AD0}.Release|x86.ActiveCfg = Release|Any CPU
		{358308C2-F3B1-4B2C-8A81-2070354F0AD0}.Release|x86.Build.0 = Release|Any CPU
		{70F0DDC9-7BE4-457E-AB0F-7DF09A52FAEF}.Debug|Any CPU.ActiveCfg = Debug|Any CPU
		{70F0DDC9-7BE4-457E-AB0F-7DF09A52FAEF}.Debug|Any CPU.Build.0 = Debug|Any CPU
		{70F0DDC9-7BE4-457E-AB0F-7DF09A52FAEF}.Debug|ARM.ActiveCfg = Debug|Any CPU
		{70F0DDC9-7BE4-457E-AB0F-7DF09A52FAEF}.Debug|ARM.Build.0 = Debug|Any CPU
		{70F0DDC9-7BE4-457E-AB0F-7DF09A52FAEF}.Debug|x64.ActiveCfg = Debug|Any CPU
		{70F0DDC9-7BE4-457E-AB0F-7DF09A52FAEF}.Debug|x64.Build.0 = Debug|Any CPU
		{70F0DDC9-7BE4-457E-AB0F-7DF09A52FAEF}.Debug|x86.ActiveCfg = Debug|Any CPU
		{70F0DDC9-7BE4-457E-AB0F-7DF09A52FAEF}.Debug|x86.Build.0 = Debug|Any CPU
		{70F0DDC9-7BE4-457E-AB0F-7DF09A52FAEF}.Release|Any CPU.ActiveCfg = Release|Any CPU
		{70F0DDC9-7BE4-457E-AB0F-7DF09A52FAEF}.Release|Any CPU.Build.0 = Release|Any CPU
		{70F0DDC9-7BE4-457E-AB0F-7DF09A52FAEF}.Release|ARM.ActiveCfg = Release|Any CPU
		{70F0DDC9-7BE4-457E-AB0F-7DF09A52FAEF}.Release|ARM.Build.0 = Release|Any CPU
		{70F0DDC9-7BE4-457E-AB0F-7DF09A52FAEF}.Release|x64.ActiveCfg = Release|Any CPU
		{70F0DDC9-7BE4-457E-AB0F-7DF09A52FAEF}.Release|x64.Build.0 = Release|Any CPU
		{70F0DDC9-7BE4-457E-AB0F-7DF09A52FAEF}.Release|x86.ActiveCfg = Release|Any CPU
		{70F0DDC9-7BE4-457E-AB0F-7DF09A52FAEF}.Release|x86.Build.0 = Release|Any CPU
		{F08C5EE6-736C-479B-832C-B438E7A93C05}.Debug|Any CPU.ActiveCfg = Debug|x64
		{F08C5EE6-736C-479B-832C-B438E7A93C05}.Debug|Any CPU.Build.0 = Debug|x64
		{F08C5EE6-736C-479B-832C-B438E7A93C05}.Debug|Any CPU.Deploy.0 = Debug|x64
		{F08C5EE6-736C-479B-832C-B438E7A93C05}.Debug|ARM.ActiveCfg = Debug|ARM
		{F08C5EE6-736C-479B-832C-B438E7A93C05}.Debug|ARM.Build.0 = Debug|ARM
		{F08C5EE6-736C-479B-832C-B438E7A93C05}.Debug|ARM.Deploy.0 = Debug|ARM
		{F08C5EE6-736C-479B-832C-B438E7A93C05}.Debug|x64.ActiveCfg = Debug|x64
		{F08C5EE6-736C-479B-832C-B438E7A93C05}.Debug|x64.Build.0 = Debug|x64
		{F08C5EE6-736C-479B-832C-B438E7A93C05}.Debug|x64.Deploy.0 = Debug|x64
		{F08C5EE6-736C-479B-832C-B438E7A93C05}.Debug|x86.ActiveCfg = Debug|x86
		{F08C5EE6-736C-479B-832C-B438E7A93C05}.Debug|x86.Build.0 = Debug|x86
		{F08C5EE6-736C-479B-832C-B438E7A93C05}.Debug|x86.Deploy.0 = Debug|x86
		{F08C5EE6-736C-479B-832C-B438E7A93C05}.Release|Any CPU.ActiveCfg = Release|x86
		{F08C5EE6-736C-479B-832C-B438E7A93C05}.Release|ARM.ActiveCfg = Release|ARM
		{F08C5EE6-736C-479B-832C-B438E7A93C05}.Release|ARM.Build.0 = Release|ARM
		{F08C5EE6-736C-479B-832C-B438E7A93C05}.Release|ARM.Deploy.0 = Release|ARM
		{F08C5EE6-736C-479B-832C-B438E7A93C05}.Release|x64.ActiveCfg = Release|x64
		{F08C5EE6-736C-479B-832C-B438E7A93C05}.Release|x64.Build.0 = Release|x64
		{F08C5EE6-736C-479B-832C-B438E7A93C05}.Release|x64.Deploy.0 = Release|x64
		{F08C5EE6-736C-479B-832C-B438E7A93C05}.Release|x86.ActiveCfg = Release|x86
		{F08C5EE6-736C-479B-832C-B438E7A93C05}.Release|x86.Build.0 = Release|x86
		{F08C5EE6-736C-479B-832C-B438E7A93C05}.Release|x86.Deploy.0 = Release|x86
		{3DEC3C32-2203-44ED-B4EA-92CDE8090DA6}.Debug|Any CPU.ActiveCfg = Debug|Any CPU
		{3DEC3C32-2203-44ED-B4EA-92CDE8090DA6}.Debug|Any CPU.Build.0 = Debug|Any CPU
		{3DEC3C32-2203-44ED-B4EA-92CDE8090DA6}.Debug|ARM.ActiveCfg = Debug|Any CPU
		{3DEC3C32-2203-44ED-B4EA-92CDE8090DA6}.Debug|ARM.Build.0 = Debug|Any CPU
		{3DEC3C32-2203-44ED-B4EA-92CDE8090DA6}.Debug|x64.ActiveCfg = Debug|Any CPU
		{3DEC3C32-2203-44ED-B4EA-92CDE8090DA6}.Debug|x64.Build.0 = Debug|Any CPU
		{3DEC3C32-2203-44ED-B4EA-92CDE8090DA6}.Debug|x86.ActiveCfg = Debug|Any CPU
		{3DEC3C32-2203-44ED-B4EA-92CDE8090DA6}.Debug|x86.Build.0 = Debug|Any CPU
		{3DEC3C32-2203-44ED-B4EA-92CDE8090DA6}.Release|Any CPU.ActiveCfg = Release|Any CPU
		{3DEC3C32-2203-44ED-B4EA-92CDE8090DA6}.Release|Any CPU.Build.0 = Release|Any CPU
		{3DEC3C32-2203-44ED-B4EA-92CDE8090DA6}.Release|ARM.ActiveCfg = Release|Any CPU
		{3DEC3C32-2203-44ED-B4EA-92CDE8090DA6}.Release|ARM.Build.0 = Release|Any CPU
		{3DEC3C32-2203-44ED-B4EA-92CDE8090DA6}.Release|x64.ActiveCfg = Release|Any CPU
		{3DEC3C32-2203-44ED-B4EA-92CDE8090DA6}.Release|x64.Build.0 = Release|Any CPU
		{3DEC3C32-2203-44ED-B4EA-92CDE8090DA6}.Release|x86.ActiveCfg = Release|Any CPU
		{3DEC3C32-2203-44ED-B4EA-92CDE8090DA6}.Release|x86.Build.0 = Release|Any CPU
		{E7EC450F-F5BF-4C46-AD5A-9C29FCF7295F}.Debug|Any CPU.ActiveCfg = Debug|Any CPU
		{E7EC450F-F5BF-4C46-AD5A-9C29FCF7295F}.Debug|Any CPU.Build.0 = Debug|Any CPU
		{E7EC450F-F5BF-4C46-AD5A-9C29FCF7295F}.Debug|ARM.ActiveCfg = Debug|Any CPU
		{E7EC450F-F5BF-4C46-AD5A-9C29FCF7295F}.Debug|ARM.Build.0 = Debug|Any CPU
		{E7EC450F-F5BF-4C46-AD5A-9C29FCF7295F}.Debug|x64.ActiveCfg = Debug|Any CPU
		{E7EC450F-F5BF-4C46-AD5A-9C29FCF7295F}.Debug|x64.Build.0 = Debug|Any CPU
		{E7EC450F-F5BF-4C46-AD5A-9C29FCF7295F}.Debug|x86.ActiveCfg = Debug|Any CPU
		{E7EC450F-F5BF-4C46-AD5A-9C29FCF7295F}.Debug|x86.Build.0 = Debug|Any CPU
		{E7EC450F-F5BF-4C46-AD5A-9C29FCF7295F}.Release|Any CPU.ActiveCfg = Release|Any CPU
		{E7EC450F-F5BF-4C46-AD5A-9C29FCF7295F}.Release|Any CPU.Build.0 = Release|Any CPU
		{E7EC450F-F5BF-4C46-AD5A-9C29FCF7295F}.Release|ARM.ActiveCfg = Release|Any CPU
		{E7EC450F-F5BF-4C46-AD5A-9C29FCF7295F}.Release|ARM.Build.0 = Release|Any CPU
		{E7EC450F-F5BF-4C46-AD5A-9C29FCF7295F}.Release|x64.ActiveCfg = Release|Any CPU
		{E7EC450F-F5BF-4C46-AD5A-9C29FCF7295F}.Release|x64.Build.0 = Release|Any CPU
		{E7EC450F-F5BF-4C46-AD5A-9C29FCF7295F}.Release|x86.ActiveCfg = Release|Any CPU
		{E7EC450F-F5BF-4C46-AD5A-9C29FCF7295F}.Release|x86.Build.0 = Release|Any CPU
		{101D7F25-4AA7-45AF-BC2A-1CCFD7EBA409}.Debug|Any CPU.ActiveCfg = Debug|Any CPU
		{101D7F25-4AA7-45AF-BC2A-1CCFD7EBA409}.Debug|Any CPU.Build.0 = Debug|Any CPU
		{101D7F25-4AA7-45AF-BC2A-1CCFD7EBA409}.Debug|ARM.ActiveCfg = Debug|Any CPU
		{101D7F25-4AA7-45AF-BC2A-1CCFD7EBA409}.Debug|ARM.Build.0 = Debug|Any CPU
		{101D7F25-4AA7-45AF-BC2A-1CCFD7EBA409}.Debug|x64.ActiveCfg = Debug|Any CPU
		{101D7F25-4AA7-45AF-BC2A-1CCFD7EBA409}.Debug|x64.Build.0 = Debug|Any CPU
		{101D7F25-4AA7-45AF-BC2A-1CCFD7EBA409}.Debug|x86.ActiveCfg = Debug|Any CPU
		{101D7F25-4AA7-45AF-BC2A-1CCFD7EBA409}.Debug|x86.Build.0 = Debug|Any CPU
		{101D7F25-4AA7-45AF-BC2A-1CCFD7EBA409}.Release|Any CPU.ActiveCfg = Release|Any CPU
		{101D7F25-4AA7-45AF-BC2A-1CCFD7EBA409}.Release|Any CPU.Build.0 = Release|Any CPU
		{101D7F25-4AA7-45AF-BC2A-1CCFD7EBA409}.Release|ARM.ActiveCfg = Release|Any CPU
		{101D7F25-4AA7-45AF-BC2A-1CCFD7EBA409}.Release|ARM.Build.0 = Release|Any CPU
		{101D7F25-4AA7-45AF-BC2A-1CCFD7EBA409}.Release|x64.ActiveCfg = Release|Any CPU
		{101D7F25-4AA7-45AF-BC2A-1CCFD7EBA409}.Release|x64.Build.0 = Release|Any CPU
		{101D7F25-4AA7-45AF-BC2A-1CCFD7EBA409}.Release|x86.ActiveCfg = Release|Any CPU
		{101D7F25-4AA7-45AF-BC2A-1CCFD7EBA409}.Release|x86.Build.0 = Release|Any CPU
		{68963FAF-A37D-43F6-B014-CB18AAA0B235}.Debug|Any CPU.ActiveCfg = Debug|Any CPU
		{68963FAF-A37D-43F6-B014-CB18AAA0B235}.Debug|Any CPU.Build.0 = Debug|Any CPU
		{68963FAF-A37D-43F6-B014-CB18AAA0B235}.Debug|ARM.ActiveCfg = Debug|Any CPU
		{68963FAF-A37D-43F6-B014-CB18AAA0B235}.Debug|ARM.Build.0 = Debug|Any CPU
		{68963FAF-A37D-43F6-B014-CB18AAA0B235}.Debug|x64.ActiveCfg = Debug|Any CPU
		{68963FAF-A37D-43F6-B014-CB18AAA0B235}.Debug|x64.Build.0 = Debug|Any CPU
		{68963FAF-A37D-43F6-B014-CB18AAA0B235}.Debug|x86.ActiveCfg = Debug|Any CPU
		{68963FAF-A37D-43F6-B014-CB18AAA0B235}.Debug|x86.Build.0 = Debug|Any CPU
		{68963FAF-A37D-43F6-B014-CB18AAA0B235}.Release|Any CPU.ActiveCfg = Release|Any CPU
		{68963FAF-A37D-43F6-B014-CB18AAA0B235}.Release|Any CPU.Build.0 = Release|Any CPU
		{68963FAF-A37D-43F6-B014-CB18AAA0B235}.Release|ARM.ActiveCfg = Release|Any CPU
		{68963FAF-A37D-43F6-B014-CB18AAA0B235}.Release|ARM.Build.0 = Release|Any CPU
		{68963FAF-A37D-43F6-B014-CB18AAA0B235}.Release|x64.ActiveCfg = Release|Any CPU
		{68963FAF-A37D-43F6-B014-CB18AAA0B235}.Release|x64.Build.0 = Release|Any CPU
		{68963FAF-A37D-43F6-B014-CB18AAA0B235}.Release|x86.ActiveCfg = Release|Any CPU
		{68963FAF-A37D-43F6-B014-CB18AAA0B235}.Release|x86.Build.0 = Release|Any CPU
	EndGlobalSection
	GlobalSection(SolutionProperties) = preSolution
		HideSolutionNode = FALSE
	EndGlobalSection
	GlobalSection(ExtensibilityGlobals) = postSolution
		SolutionGuid = {AD12117B-B505-4F02-A524-A8711D68F113}
	EndGlobalSection
EndGlobal
